Microsoft Visual Studio Solution File, Format Version 12.00
# Visual Studio 2012
Project("{FAE04EC0-301F-11D3-BF4B-00C04F79EFBC}") = "GDQuestBasic3d", "GDQuestBasic3d.csproj", "{790EA465-96BA-4D4A-BC3E-296BCF0E8335}"
EndProject
Global
	GlobalSection(SolutionConfigurationPlatforms) = preSolution
	Debug|Any CPU = Debug|Any CPU
	ExportDebug|Any CPU = ExportDebug|Any CPU
	ExportRelease|Any CPU = ExportRelease|Any CPU
	EndGlobalSection
	GlobalSection(ProjectConfigurationPlatforms) = postSolution
		{790EA465-96BA-4D4A-BC3E-296BCF0E8335}.Debug|Any CPU.ActiveCfg = Debug|Any CPU
		{790EA465-96BA-4D4A-BC3E-296BCF0E8335}.Debug|Any CPU.Build.0 = Debug|Any CPU
		{790EA465-96BA-4D4A-BC3E-296BCF0E8335}.ExportDebug|Any CPU.ActiveCfg = ExportDebug|Any CPU
		{790EA465-96BA-4D4A-BC3E-296BCF0E8335}.ExportDebug|Any CPU.Build.0 = ExportDebug|Any CPU
		{790EA465-96BA-4D4A-BC3E-296BCF0E8335}.ExportRelease|Any CPU.ActiveCfg = ExportRelease|Any CPU
		{790EA465-96BA-4D4A-BC3E-296BCF0E8335}.ExportRelease|Any CPU.Build.0 = ExportRelease|Any CPU
	EndGlobalSection
EndGlobal
